
Microsoft Visual Studio Solution File, Format Version 12.00
# Visual Studio Version 16
VisualStudioVersion = 16.0.30804.86
MinimumVisualStudioVersion = 10.0.40219.1
Project("{FAE04EC0-301F-11D3-BF4B-00C04F79EFBC}") = "CollectionCSVtoDB", "CollectionCSVtoDB\CollectionCSVtoDB.csproj", "{028FA3F6-7E58-4153-8604-536C912A8F4D}"
EndProject
Global
	GlobalSection(SolutionConfigurationPlatforms) = preSolution
		Debug|Any CPU = Debug|Any CPU
		Release|Any CPU = Release|Any CPU
	EndGlobalSection
	GlobalSection(ProjectConfigurationPlatforms) = postSolution
		{028FA3F6-7E58-4153-8604-536C912A8F4D}.Debug|Any CPU.ActiveCfg = Debug|Any CPU
		{028FA3F6-7E58-4153-8604-536C912A8F4D}.Debug|Any CPU.Build.0 = Debug|Any CPU
		{028FA3F6-7E58-4153-8604-536C912A8F4D}.Release|Any CPU.ActiveCfg = Release|Any CPU
		{028FA3F6-7E58-4153-8604-536C912A8F4D}.Release|Any CPU.Build.0 = Release|Any CPU
	EndGlobalSection
	GlobalSection(SolutionProperties) = preSolution
		HideSolutionNode = FALSE
	EndGlobalSection
	GlobalSection(ExtensibilityGlobals) = postSolution
		SolutionGuid = {04351C2A-4742-4A24-9945-0AD74092D70B}
	EndGlobalSection
EndGlobal
